
Microsoft Visual Studio Solution File, Format Version 12.00
# Visual Studio 15
Project("{FAE04EC0-301F-11D3-BF4B-00C04F79EFBC}") = "UnityEngine.SpatialTracking", "UnityEngine.SpatialTracking.csproj", "{D8122921-05FA-EEA6-457D-0483D638B747}"
EndProject
Project("{FAE04EC0-301F-11D3-BF4B-00C04F79EFBC}") = "UnityEngine.UI", "UnityEngine.UI.csproj", "{5687C4D2-241F-EC36-E71B-D245ACE454E0}"
EndProject
Project("{FAE04EC0-301F-11D3-BF4B-00C04F79EFBC}") = "UnityEngine.TestRunner", "UnityEngine.TestRunner.csproj", "{FF633C33-8BF7-1466-B7CA-73669B5E4BCA}"
EndProject
Project("{FAE04EC0-301F-11D3-BF4B-00C04F79EFBC}") = "Unity.VisualScripting.Flow", "Unity.VisualScripting.Flow.csproj", "{C89AD02D-15AF-07C5-D39E-11D77BDD8767}"
EndProject
Project("{FAE04EC0-301F-11D3-BF4B-00C04F79EFBC}") = "Unity.XR.Interaction.Toolkit", "Unity.XR.Interaction.Toolkit.csproj", "{3236FDF2-A2F9-D8C8-E019-54AE6C6F508C}"
EndProject
Project("{FAE04EC0-301F-11D3-BF4B-00C04F79EFBC}") = "Unity.Mathematics", "Unity.Mathematics.csproj", "{3BBCD5B7-C7BA-00B8-1CC3-C8268ACF69F4}"
EndProject
Project("{FAE04EC0-301F-11D3-BF4B-00C04F79EFBC}") = "Unity.InputSystem", "Unity.InputSystem.csproj", "{7840BBEC-A288-C451-B4BE-1372F63635F0}"
EndProject
Project("{FAE04EC0-301F-11D3-BF4B-00C04F79EFBC}") = "Unity.VisualScripting.State", "Unity.VisualScripting.State.csproj", "{27277C73-F8C2-7BE8-DFCD-656708C4A088}"
EndProject
Project("{FAE04EC0-301F-11D3-BF4B-00C04F79EFBC}") = "Unity.VisualScripting.Core", "Unity.VisualScripting.Core.csproj", "{E1FA8307-571A-8926-CAF7-CEF52038F6A1}"
EndProject
Project("{FAE04EC0-301F-11D3-BF4B-00C04F79EFBC}") = "glTFast", "glTFast.csproj", "{C6C6256D-67E0-4A42-56F4-0263D3AF6B4B}"
EndProject
Project("{FAE04EC0-301F-11D3-BF4B-00C04F79EFBC}") = "glTFast.Export", "glTFast.Export.csproj", "{9AF124B2-A7AC-6033-D0CA-DF4CAC026B04}"
EndProject
Project("{FAE04EC0-301F-11D3-BF4B-00C04F79EFBC}") = "UnityEngine.XR.LegacyInputHelpers", "UnityEngine.XR.LegacyInputHelpers.csproj", "{5FA56D1A-1384-C26B-DD3F-3A9C109CF29E}"
EndProject
Project("{FAE04EC0-301F-11D3-BF4B-00C04F79EFBC}") = "Unity.XR.Oculus", "Unity.XR.Oculus.csproj", "{57A78DA8-C68C-E2C6-1EE7-850944A079A7}"
EndProject
Project("{FAE04EC0-301F-11D3-BF4B-00C04F79EFBC}") = "Unity.Burst", "Unity.Burst.csproj", "{BFF498C3-3ACC-F16E-AD7C-D1DCF9C66A71}"
EndProject
Project("{FAE04EC0-301F-11D3-BF4B-00C04F79EFBC}") = "Unity.TextMeshPro", "Unity.TextMeshPro.csproj", "{42E8ED33-7F2F-B022-05A5-8BE84C15D17F}"
EndProject
Project("{FAE04EC0-301F-11D3-BF4B-00C04F79EFBC}") = "ReadyPlayerMe.AvatarLoader", "ReadyPlayerMe.AvatarLoader.csproj", "{DBAFB1AF-DF51-EA94-7B55-C7E9EF4A0E99}"
EndProject
Project("{FAE04EC0-301F-11D3-BF4B-00C04F79EFBC}") = "Unity.Timeline", "Unity.Timeline.csproj", "{042D378A-89C0-5505-54A8-C72C4C538EEF}"
EndProject
Project("{FAE04EC0-301F-11D3-BF4B-00C04F79EFBC}") = "Unity.XR.CoreUtils", "Unity.XR.CoreUtils.csproj", "{0DAFEDE3-84BF-6D35-E840-7367B1ADE21F}"
EndProject
Project("{FAE04EC0-301F-11D3-BF4B-00C04F79EFBC}") = "Unity.XR.OpenXR", "Unity.XR.OpenXR.csproj", "{9AC9EB95-7023-9192-69F5-5D0C491B1167}"
EndProject
Project("{FAE04EC0-301F-11D3-BF4B-00C04F79EFBC}") = "ReadyPlayerMe.WebView", "ReadyPlayerMe.WebView.csproj", "{3EB34855-2074-E5AF-577A-3B71EC6BE0E9}"
EndProject
Project("{FAE04EC0-301F-11D3-BF4B-00C04F79EFBC}") = "Assembly-CSharp", "Assembly-CSharp.csproj", "{53CB8465-62AE-5F91-B83E-4E66F729FF9D}"
EndProject
Project("{FAE04EC0-301F-11D3-BF4B-00C04F79EFBC}") = "ReadyPlayerMe.Core", "ReadyPlayerMe.Core.csproj", "{FD15C353-1F57-8ECA-7D66-E24D8E068416}"
EndProject
Project("{FAE04EC0-301F-11D3-BF4B-00C04F79EFBC}") = "Unity.XR.Management", "Unity.XR.Management.csproj", "{4FA78F65-DA83-0589-7340-B48821033677}"
EndProject
Project("{FAE04EC0-301F-11D3-BF4B-00C04F79EFBC}") = "Unity.XR.Interaction.Toolkit.Samples.StarterAssets", "Unity.XR.Interaction.Toolkit.Samples.StarterAssets.csproj", "{BD8841DB-F9DA-9558-C011-6CBBCD7053B7}"
EndProject
Project("{FAE04EC0-301F-11D3-BF4B-00C04F79EFBC}") = "Unity.InputSystem.TestFramework", "Unity.InputSystem.TestFramework.csproj", "{4910AE08-DC8D-730E-BCA3-B2A0D9B12AF6}"
EndProject
Project("{FAE04EC0-301F-11D3-BF4B-00C04F79EFBC}") = "Unity.XR.OpenXR.Features.RuntimeDebugger", "Unity.XR.OpenXR.Features.RuntimeDebugger.csproj", "{C2683905-897E-CB35-4B03-F5E09EBBDC6A}"
EndProject
Project("{FAE04EC0-301F-11D3-BF4B-00C04F79EFBC}") = "glTFast.dots", "glTFast.dots.csproj", "{B4BD6934-21FF-4E61-3DFC-D88C21AF2B77}"
EndProject
Project("{FAE04EC0-301F-11D3-BF4B-00C04F79EFBC}") = "Unity.XR.OpenXR.Features.ConformanceAutomation", "Unity.XR.OpenXR.Features.ConformanceAutomation.csproj", "{0A17CC73-C2C3-999B-F61E-40E536E728A2}"
EndProject
Project("{FAE04EC0-301F-11D3-BF4B-00C04F79EFBC}") = "Unity.XR.OpenXR.Features.MockRuntime", "Unity.XR.OpenXR.Features.MockRuntime.csproj", "{57044FCB-ED8D-967F-B156-3014890914DE}"
EndProject
Project("{FAE04EC0-301F-11D3-BF4B-00C04F79EFBC}") = "Unity.XR.OpenXR.Features.MetaQuestSupport", "Unity.XR.OpenXR.Features.MetaQuestSupport.csproj", "{FF82E722-7687-7CC5-9A2C-7D721F4F3EB8}"
EndProject
Project("{FAE04EC0-301F-11D3-BF4B-00C04F79EFBC}") = "Unity.XR.OpenXR.Features.OculusQuestSupport", "Unity.XR.OpenXR.Features.OculusQuestSupport.csproj", "{4248F389-6550-EC0A-F50D-A51ACE41AEF2}"
EndProject
Project("{FAE04EC0-301F-11D3-BF4B-00C04F79EFBC}") = "Unity.VisualScripting.Core.Editor", "Unity.VisualScripting.Core.Editor.csproj", "{12B294C1-0423-68B3-7A71-B8DA8133A0FE}"
EndProject
Project("{FAE04EC0-301F-11D3-BF4B-00C04F79EFBC}") = "Unity.PlasticSCM.Editor", "Unity.PlasticSCM.Editor.csproj", "{6727068B-AC43-43EA-63EF-20BEF50801D0}"
EndProject
Project("{FAE04EC0-301F-11D3-BF4B-00C04F79EFBC}") = "Unity.XR.OpenXR.Editor", "Unity.XR.OpenXR.Editor.csproj", "{C05C4336-12EF-3220-31D8-62EC6F9901D5}"
EndProject
Project("{FAE04EC0-301F-11D3-BF4B-00C04F79EFBC}") = "Unity.VisualScripting.Flow.Editor", "Unity.VisualScripting.Flow.Editor.csproj", "{D80909D2-9DD3-1059-F894-96BC103A80F8}"
EndProject
Project("{FAE04EC0-301F-11D3-BF4B-00C04F79EFBC}") = "Unity.VisualStudio.Editor", "Unity.VisualStudio.Editor.csproj", "{A09C83D2-F9CA-DBF4-D9D1-C5BE8CFCFA73}"
EndProject
Project("{FAE04EC0-301F-11D3-BF4B-00C04F79EFBC}") = "Unity.Timeline.Editor", "Unity.Timeline.Editor.csproj", "{8835FF3B-3417-223C-A84F-43919A79B384}"
EndProject
Project("{FAE04EC0-301F-11D3-BF4B-00C04F79EFBC}") = "Unity.VisualScripting.State.Editor", "Unity.VisualScripting.State.Editor.csproj", "{50DBF56A-F631-27F8-0925-C6BEC0B07D7D}"
EndProject
Project("{FAE04EC0-301F-11D3-BF4B-00C04F79EFBC}") = "Unity.XR.Interaction.Toolkit.Editor", "Unity.XR.Interaction.Toolkit.Editor.csproj", "{14DCA532-C00C-176B-3EA5-6688D0B555D1}"
EndProject
Project("{FAE04EC0-301F-11D3-BF4B-00C04F79EFBC}") = "Unity.TextMeshPro.Editor", "Unity.TextMeshPro.Editor.csproj", "{8B2FC9CB-2E5D-3B04-D5FB-1A051E91DE4D}"
EndProject
Project("{FAE04EC0-301F-11D3-BF4B-00C04F79EFBC}") = "Unity.VisualScripting.SettingsProvider.Editor", "Unity.VisualScripting.SettingsProvider.Editor.csproj", "{419FB47A-165E-A655-B1FA-05D79683D916}"
EndProject
Project("{FAE04EC0-301F-11D3-BF4B-00C04F79EFBC}") = "UnityEditor.TestRunner", "UnityEditor.TestRunner.csproj", "{34BDCBE3-BB08-DACF-9880-E7CB3E054742}"
EndProject
Project("{FAE04EC0-301F-11D3-BF4B-00C04F79EFBC}") = "Unity.TestTools.CodeCoverage.Editor", "Unity.TestTools.CodeCoverage.Editor.csproj", "{933E2B02-A089-C791-5459-DF3AEC4F9223}"
EndProject
Project("{FAE04EC0-301F-11D3-BF4B-00C04F79EFBC}") = "Unity.Rider.Editor", "Unity.Rider.Editor.csproj", "{8B9CF8DE-5969-03B8-3C1D-D84EFAB04A68}"
EndProject
Project("{FAE04EC0-301F-11D3-BF4B-00C04F79EFBC}") = "ReadyPlayerMe.AvatarLoader.Editor", "ReadyPlayerMe.AvatarLoader.Editor.csproj", "{32A56E9F-CD08-531B-AE4F-5D1781E10827}"
EndProject
Project("{FAE04EC0-301F-11D3-BF4B-00C04F79EFBC}") = "Unity.XR.CoreUtils.Editor", "Unity.XR.CoreUtils.Editor.csproj", "{CCCF5A08-3987-C1EA-881D-36B9F1CA1CAB}"
EndProject
Project("{FAE04EC0-301F-11D3-BF4B-00C04F79EFBC}") = "Unity.Performance.Profile-Analyzer.Editor", "Unity.Performance.Profile-Analyzer.Editor.csproj", "{9752451C-D0F4-1EE9-AA24-2B3B6A26EEC9}"
EndProject
Project("{FAE04EC0-301F-11D3-BF4B-00C04F79EFBC}") = "glTFast.Editor", "glTFast.Editor.csproj", "{B01D0E5B-8970-4C31-0CE5-253B9479FBB7}"
EndProject
Project("{FAE04EC0-301F-11D3-BF4B-00C04F79EFBC}") = "ReadyPlayerMe.Core.Editor", "ReadyPlayerMe.Core.Editor.csproj", "{3A4C7D22-6124-0B97-5FB2-503BA92ABE86}"
EndProject
Project("{FAE04EC0-301F-11D3-BF4B-00C04F79EFBC}") = "Unity.Burst.CodeGen", "Unity.Burst.CodeGen.csproj", "{17A96207-D5CB-E2E9-2600-E8E319E8575C}"
EndProject
Project("{FAE04EC0-301F-11D3-BF4B-00C04F79EFBC}") = "Unity.XR.OpenXR.Features.OculusQuestSupport.Editor", "Unity.XR.OpenXR.Features.OculusQuestSupport.Editor.csproj", "{192E65B7-9DFC-9BC4-7B84-98D945CB51FF}"
EndProject
Project("{FAE04EC0-301F-11D3-BF4B-00C04F79EFBC}") = "Unity.XR.Management.Editor", "Unity.XR.Management.Editor.csproj", "{7BBAC79E-2BFE-D50F-EF0D-F0E00AB3B135}"
EndProject
Project("{FAE04EC0-301F-11D3-BF4B-00C04F79EFBC}") = "Unity.VSCode.Editor", "Unity.VSCode.Editor.csproj", "{50D2D9D8-38DB-8CF2-58F7-6DD80C941C44}"
EndProject
Project("{FAE04EC0-301F-11D3-BF4B-00C04F79EFBC}") = "UnityEditor.UI", "UnityEditor.UI.csproj", "{1BEBB0A5-D0D9-85F5-B97C-1E76C11227FE}"
EndProject
Project("{FAE04EC0-301F-11D3-BF4B-00C04F79EFBC}") = "Unity.TestTools.CodeCoverage.Editor.OpenCover.Model", "Unity.TestTools.CodeCoverage.Editor.OpenCover.Model.csproj", "{09E07D32-060B-6C94-9026-9E5C18368A66}"
EndProject
Project("{FAE04EC0-301F-11D3-BF4B-00C04F79EFBC}") = "Unity.EditorCoroutines.Editor", "Unity.EditorCoroutines.Editor.csproj", "{1B91829F-55FC-C0E9-5514-D57CDCFEF8B6}"
EndProject
Project("{FAE04EC0-301F-11D3-BF4B-00C04F79EFBC}") = "Unity.Settings.Editor", "Unity.Settings.Editor.csproj", "{64A609AE-2EE1-6C30-E3D0-8DE983DF443C}"
EndProject
Project("{FAE04EC0-301F-11D3-BF4B-00C04F79EFBC}") = "UnityEditor.SpatialTracking", "UnityEditor.SpatialTracking.csproj", "{B5EB85B9-C051-4CE1-621C-523EA8BE54D8}"
EndProject
Project("{FAE04EC0-301F-11D3-BF4B-00C04F79EFBC}") = "Unity.CollabProxy.Editor", "Unity.CollabProxy.Editor.csproj", "{8490831F-F9D4-BAAB-80DA-47C7880E8887}"
EndProject
Project("{FAE04EC0-301F-11D3-BF4B-00C04F79EFBC}") = "Unity.Mathematics.Editor", "Unity.Mathematics.Editor.csproj", "{8DAAC544-84A3-8351-5528-F565A49AB498}"
EndProject
Project("{FAE04EC0-301F-11D3-BF4B-00C04F79EFBC}") = "Unity.Burst.Editor", "Unity.Burst.Editor.csproj", "{C7FAAD1E-3B42-6AC8-51F6-009DC98BCB08}"
EndProject
Project("{FAE04EC0-301F-11D3-BF4B-00C04F79EFBC}") = "UnityEditor.XR.LegacyInputHelpers", "UnityEditor.XR.LegacyInputHelpers.csproj", "{63E46C8D-9310-75AB-882F-4F2BB7364CB4}"
EndProject
Project("{FAE04EC0-301F-11D3-BF4B-00C04F79EFBC}") = "Unity.XR.Oculus.Editor", "Unity.XR.Oculus.Editor.csproj", "{65F23D74-C6B6-A679-A0B5-89EE8270A073}"
EndProject
Project("{FAE04EC0-301F-11D3-BF4B-00C04F79EFBC}") = "Unity.XR.OpenXR.Features.RuntimeDebugger.Editor", "Unity.XR.OpenXR.Features.RuntimeDebugger.Editor.csproj", "{F570EEF5-9CA5-BFE6-C610-DB3DF03C7D12}"
EndProject
Project("{FAE04EC0-301F-11D3-BF4B-00C04F79EFBC}") = "Unity.XR.OpenXR.Features.MetaQuestSupport.Editor", "Unity.XR.OpenXR.Features.MetaQuestSupport.Editor.csproj", "{8529BA6F-4A98-B0FE-9846-DCE924B87E07}"
EndProject
Project("{FAE04EC0-301F-11D3-BF4B-00C04F79EFBC}") = "Unity.TestTools.CodeCoverage.Editor.OpenCover.Mono.Reflection", "Unity.TestTools.CodeCoverage.Editor.OpenCover.Mono.Reflection.csproj", "{36FA6466-A8EB-AA3A-AA2C-8EDD2DF248BD}"
EndProject
Project("{FAE04EC0-301F-11D3-BF4B-00C04F79EFBC}") = "Unity.VisualScripting.Shared.Editor", "Unity.VisualScripting.Shared.Editor.csproj", "{9452EE04-1A2B-A04F-D3A8-695E4F50633E}"
EndProject
Project("{FAE04EC0-301F-11D3-BF4B-00C04F79EFBC}") = "ReadyPlayerMe.Extras.Editor", "ReadyPlayerMe.Extras.Editor.csproj", "{F546E4D1-6399-1110-22CA-52FFB53C0343}"
EndProject
Project("{FAE04EC0-301F-11D3-BF4B-00C04F79EFBC}") = "UnityEngine.SpatialTracking", "UnityEngine.SpatialTracking.Player.csproj", "{8D1C8766-6BBB-8D97-B016-A806986DB4F5}"
EndProject
Project("{FAE04EC0-301F-11D3-BF4B-00C04F79EFBC}") = "UnityEngine.UI", "UnityEngine.UI.Player.csproj", "{F2ABAAA9-7861-9436-7AD6-76581BB42B99}"
EndProject
Project("{FAE04EC0-301F-11D3-BF4B-00C04F79EFBC}") = "UnityEngine.TestRunner", "UnityEngine.TestRunner.Player.csproj", "{8C56D175-7763-CB32-8CB8-22E410843412}"
EndProject
Project("{FAE04EC0-301F-11D3-BF4B-00C04F79EFBC}") = "Unity.VisualScripting.Flow", "Unity.VisualScripting.Flow.Player.csproj", "{4212972C-D498-2684-0D25-85F739FFF801}"
EndProject
Project("{FAE04EC0-301F-11D3-BF4B-00C04F79EFBC}") = "Unity.XR.Interaction.Toolkit", "Unity.XR.Interaction.Toolkit.Player.csproj", "{7ECDB5F3-B4B8-B235-FE4E-31967BA35582}"
EndProject
Project("{FAE04EC0-301F-11D3-BF4B-00C04F79EFBC}") = "Unity.Mathematics", "Unity.Mathematics.Player.csproj", "{801A348E-99AF-6426-741F-06A443493428}"
EndProject
Project("{FAE04EC0-301F-11D3-BF4B-00C04F79EFBC}") = "Unity.InputSystem", "Unity.InputSystem.Player.csproj", "{7806FDB7-5145-032A-5056-F567BF2FFC9B}"
EndProject
Project("{FAE04EC0-301F-11D3-BF4B-00C04F79EFBC}") = "Unity.VisualScripting.State", "Unity.VisualScripting.State.Player.csproj", "{384CA553-1D7A-1DDD-5337-AEB6645F6F20}"
EndProject
Project("{FAE04EC0-301F-11D3-BF4B-00C04F79EFBC}") = "Unity.VisualScripting.Core", "Unity.VisualScripting.Core.Player.csproj", "{E7B0FA97-1696-BA59-9B1D-0521E5BA546B}"
EndProject
Project("{FAE04EC0-301F-11D3-BF4B-00C04F79EFBC}") = "glTFast", "glTFast.Player.csproj", "{1FA90387-C087-3A6E-6C53-0181AC86D4C1}"
EndProject
Project("{FAE04EC0-301F-11D3-BF4B-00C04F79EFBC}") = "glTFast.Export", "glTFast.Export.Player.csproj", "{2CB28A78-B59A-88C5-310D-65876E1C6674}"
EndProject
Project("{FAE04EC0-301F-11D3-BF4B-00C04F79EFBC}") = "UnityEngine.XR.LegacyInputHelpers", "UnityEngine.XR.LegacyInputHelpers.Player.csproj", "{76B3A1AC-E3D9-603C-BBD3-9627E720D2E3}"
EndProject
Project("{FAE04EC0-301F-11D3-BF4B-00C04F79EFBC}") = "Unity.XR.Oculus", "Unity.XR.Oculus.Player.csproj", "{BC44B9D0-05AE-42E9-CC45-BFFDEC4470AB}"
EndProject
Project("{FAE04EC0-301F-11D3-BF4B-00C04F79EFBC}") = "Unity.Burst", "Unity.Burst.Player.csproj", "{188AC77D-B4FE-1B69-AAE9-C6B916C677E9}"
EndProject
Project("{FAE04EC0-301F-11D3-BF4B-00C04F79EFBC}") = "Unity.TextMeshPro", "Unity.TextMeshPro.Player.csproj", "{1D815155-DD2E-6883-54FF-C48049B1A80D}"
EndProject
Project("{FAE04EC0-301F-11D3-BF4B-00C04F79EFBC}") = "ReadyPlayerMe.AvatarLoader", "ReadyPlayerMe.AvatarLoader.Player.csproj", "{0B82A048-182D-D7CA-2171-B088A05A0DB6}"
EndProject
Project("{FAE04EC0-301F-11D3-BF4B-00C04F79EFBC}") = "Unity.Timeline", "Unity.Timeline.Player.csproj", "{FB329F64-25A1-E044-8E31-A47425D2A0C1}"
EndProject
Project("{FAE04EC0-301F-11D3-BF4B-00C04F79EFBC}") = "Unity.XR.CoreUtils", "Unity.XR.CoreUtils.Player.csproj", "{4DBA9306-D81B-8802-CB36-9577775CC15F}"
EndProject
Project("{FAE04EC0-301F-11D3-BF4B-00C04F79EFBC}") = "Unity.XR.OpenXR", "Unity.XR.OpenXR.Player.csproj", "{1908B99E-40F3-CC4C-31FD-96469D0C7D1F}"
EndProject
Project("{FAE04EC0-301F-11D3-BF4B-00C04F79EFBC}") = "ReadyPlayerMe.WebView", "ReadyPlayerMe.WebView.Player.csproj", "{138CB268-1E50-CFC0-7154-A578C017FFC9}"
EndProject
Project("{FAE04EC0-301F-11D3-BF4B-00C04F79EFBC}") = "Assembly-CSharp", "Assembly-CSharp.Player.csproj", "{58B007B4-D1EB-66BD-15E3-7E673FBE5F02}"
EndProject
Project("{FAE04EC0-301F-11D3-BF4B-00C04F79EFBC}") = "ReadyPlayerMe.Core", "ReadyPlayerMe.Core.Player.csproj", "{E11CB751-1546-D4AB-8095-5C9C7C347A73}"
EndProject
Project("{FAE04EC0-301F-11D3-BF4B-00C04F79EFBC}") = "Unity.XR.Management", "Unity.XR.Management.Player.csproj", "{6ED7305E-76B8-577F-163E-3099092B4E8E}"
EndProject
Project("{FAE04EC0-301F-11D3-BF4B-00C04F79EFBC}") = "Unity.XR.Interaction.Toolkit.Samples.StarterAssets", "Unity.XR.Interaction.Toolkit.Samples.StarterAssets.Player.csproj", "{60048B37-C922-30AC-C131-1742E7DFA0BB}"
EndProject
Project("{FAE04EC0-301F-11D3-BF4B-00C04F79EFBC}") = "Unity.InputSystem.TestFramework", "Unity.InputSystem.TestFramework.Player.csproj", "{EA539520-19A0-1163-B8A1-CDAD67C537CB}"
EndProject
Project("{FAE04EC0-301F-11D3-BF4B-00C04F79EFBC}") = "Unity.XR.OpenXR.Features.RuntimeDebugger", "Unity.XR.OpenXR.Features.RuntimeDebugger.Player.csproj", "{5B302A6D-1C35-DFF1-FCAB-BFB4131FEBC0}"
EndProject
Project("{FAE04EC0-301F-11D3-BF4B-00C04F79EFBC}") = "glTFast.dots", "glTFast.dots.Player.csproj", "{068B4182-C3F7-03B5-F341-5D0810D1C6D4}"
EndProject
Project("{FAE04EC0-301F-11D3-BF4B-00C04F79EFBC}") = "Unity.XR.OpenXR.Features.ConformanceAutomation", "Unity.XR.OpenXR.Features.ConformanceAutomation.Player.csproj", "{310F4FDC-273B-B33A-1EA3-A8369CA67C6C}"
EndProject
Project("{FAE04EC0-301F-11D3-BF4B-00C04F79EFBC}") = "Unity.XR.OpenXR.Features.MockRuntime", "Unity.XR.OpenXR.Features.MockRuntime.Player.csproj", "{5A172B96-28FD-470F-0849-000009F2093D}"
EndProject
Project("{FAE04EC0-301F-11D3-BF4B-00C04F79EFBC}") = "Unity.XR.OpenXR.Features.MetaQuestSupport", "Unity.XR.OpenXR.Features.MetaQuestSupport.Player.csproj", "{DE7173E7-30DA-C3C0-B2A8-CDE2DF5339C8}"
EndProject
Project("{FAE04EC0-301F-11D3-BF4B-00C04F79EFBC}") = "Unity.XR.OpenXR.Features.OculusQuestSupport", "Unity.XR.OpenXR.Features.OculusQuestSupport.Player.csproj", "{5DA64E18-3DA0-256A-0E00-759B6E1F40D5}"
EndProject
Global
	GlobalSection(SolutionConfigurationPlatforms) = preSolution
		Debug|Any CPU = Debug|Any CPU
		Release|Any CPU = Release|Any CPU
	EndGlobalSection
	GlobalSection(ProjectConfigurationPlatforms) = postSolution
		{D8122921-05FA-EEA6-457D-0483D638B747}.Debug|Any CPU.ActiveCfg = Debug|Any CPU
		{D8122921-05FA-EEA6-457D-0483D638B747}.Debug|Any CPU.Build.0 = Debug|Any CPU
		{D8122921-05FA-EEA6-457D-0483D638B747}.Release|Any CPU.ActiveCfg = Release|Any CPU
		{D8122921-05FA-EEA6-457D-0483D638B747}.Release|Any CPU.Build.0 = Release|Any CPU
		{5687C4D2-241F-EC36-E71B-D245ACE454E0}.Debug|Any CPU.ActiveCfg = Debug|Any CPU
		{5687C4D2-241F-EC36-E71B-D245ACE454E0}.Debug|Any CPU.Build.0 = Debug|Any CPU
		{5687C4D2-241F-EC36-E71B-D245ACE454E0}.Release|Any CPU.ActiveCfg = Release|Any CPU
		{5687C4D2-241F-EC36-E71B-D245ACE454E0}.Release|Any CPU.Build.0 = Release|Any CPU
		{FF633C33-8BF7-1466-B7CA-73669B5E4BCA}.Debug|Any CPU.ActiveCfg = Debug|Any CPU
		{FF633C33-8BF7-1466-B7CA-73669B5E4BCA}.Debug|Any CPU.Build.0 = Debug|Any CPU
		{FF633C33-8BF7-1466-B7CA-73669B5E4BCA}.Release|Any CPU.ActiveCfg = Release|Any CPU
		{FF633C33-8BF7-1466-B7CA-73669B5E4BCA}.Release|Any CPU.Build.0 = Release|Any CPU
		{C89AD02D-15AF-07C5-D39E-11D77BDD8767}.Debug|Any CPU.ActiveCfg = Debug|Any CPU
		{C89AD02D-15AF-07C5-D39E-11D77BDD8767}.Debug|Any CPU.Build.0 = Debug|Any CPU
		{C89AD02D-15AF-07C5-D39E-11D77BDD8767}.Release|Any CPU.ActiveCfg = Release|Any CPU
		{C89AD02D-15AF-07C5-D39E-11D77BDD8767}.Release|Any CPU.Build.0 = Release|Any CPU
		{3236FDF2-A2F9-D8C8-E019-54AE6C6F508C}.Debug|Any CPU.ActiveCfg = Debug|Any CPU
		{3236FDF2-A2F9-D8C8-E019-54AE6C6F508C}.Debug|Any CPU.Build.0 = Debug|Any CPU
		{3236FDF2-A2F9-D8C8-E019-54AE6C6F508C}.Release|Any CPU.ActiveCfg = Release|Any CPU
		{3236FDF2-A2F9-D8C8-E019-54AE6C6F508C}.Release|Any CPU.Build.0 = Release|Any CPU
		{3BBCD5B7-C7BA-00B8-1CC3-C8268ACF69F4}.Debug|Any CPU.ActiveCfg = Debug|Any CPU
		{3BBCD5B7-C7BA-00B8-1CC3-C8268ACF69F4}.Debug|Any CPU.Build.0 = Debug|Any CPU
		{3BBCD5B7-C7BA-00B8-1CC3-C8268ACF69F4}.Release|Any CPU.ActiveCfg = Release|Any CPU
		{3BBCD5B7-C7BA-00B8-1CC3-C8268ACF69F4}.Release|Any CPU.Build.0 = Release|Any CPU
		{7840BBEC-A288-C451-B4BE-1372F63635F0}.Debug|Any CPU.ActiveCfg = Debug|Any CPU
		{7840BBEC-A288-C451-B4BE-1372F63635F0}.Debug|Any CPU.Build.0 = Debug|Any CPU
		{7840BBEC-A288-C451-B4BE-1372F63635F0}.Release|Any CPU.ActiveCfg = Release|Any CPU
		{7840BBEC-A288-C451-B4BE-1372F63635F0}.Release|Any CPU.Build.0 = Release|Any CPU
		{27277C73-F8C2-7BE8-DFCD-656708C4A088}.Debug|Any CPU.ActiveCfg = Debug|Any CPU
		{27277C73-F8C2-7BE8-DFCD-656708C4A088}.Debug|Any CPU.Build.0 = Debug|Any CPU
		{27277C73-F8C2-7BE8-DFCD-656708C4A088}.Release|Any CPU.ActiveCfg = Release|Any CPU
		{27277C73-F8C2-7BE8-DFCD-656708C4A088}.Release|Any CPU.Build.0 = Release|Any CPU
		{E1FA8307-571A-8926-CAF7-CEF52038F6A1}.Debug|Any CPU.ActiveCfg = Debug|Any CPU
		{E1FA8307-571A-8926-CAF7-CEF52038F6A1}.Debug|Any CPU.Build.0 = Debug|Any CPU
		{E1FA8307-571A-8926-CAF7-CEF52038F6A1}.Release|Any CPU.ActiveCfg = Release|Any CPU
		{E1FA8307-571A-8926-CAF7-CEF52038F6A1}.Release|Any CPU.Build.0 = Release|Any CPU
		{C6C6256D-67E0-4A42-56F4-0263D3AF6B4B}.Debug|Any CPU.ActiveCfg = Debug|Any CPU
		{C6C6256D-67E0-4A42-56F4-0263D3AF6B4B}.Debug|Any CPU.Build.0 = Debug|Any CPU
		{C6C6256D-67E0-4A42-56F4-0263D3AF6B4B}.Release|Any CPU.ActiveCfg = Release|Any CPU
		{C6C6256D-67E0-4A42-56F4-0263D3AF6B4B}.Release|Any CPU.Build.0 = Release|Any CPU
		{9AF124B2-A7AC-6033-D0CA-DF4CAC026B04}.Debug|Any CPU.ActiveCfg = Debug|Any CPU
		{9AF124B2-A7AC-6033-D0CA-DF4CAC026B04}.Debug|Any CPU.Build.0 = Debug|Any CPU
		{9AF124B2-A7AC-6033-D0CA-DF4CAC026B04}.Release|Any CPU.ActiveCfg = Release|Any CPU
		{9AF124B2-A7AC-6033-D0CA-DF4CAC026B04}.Release|Any CPU.Build.0 = Release|Any CPU
		{5FA56D1A-1384-C26B-DD3F-3A9C109CF29E}.Debug|Any CPU.ActiveCfg = Debug|Any CPU
		{5FA56D1A-1384-C26B-DD3F-3A9C109CF29E}.Debug|Any CPU.Build.0 = Debug|Any CPU
		{5FA56D1A-1384-C26B-DD3F-3A9C109CF29E}.Release|Any CPU.ActiveCfg = Release|Any CPU
		{5FA56D1A-1384-C26B-DD3F-3A9C109CF29E}.Release|Any CPU.Build.0 = Release|Any CPU
		{57A78DA8-C68C-E2C6-1EE7-850944A079A7}.Debug|Any CPU.ActiveCfg = Debug|Any CPU
		{57A78DA8-C68C-E2C6-1EE7-850944A079A7}.Debug|Any CPU.Build.0 = Debug|Any CPU
		{57A78DA8-C68C-E2C6-1EE7-850944A079A7}.Release|Any CPU.ActiveCfg = Release|Any CPU
		{57A78DA8-C68C-E2C6-1EE7-850944A079A7}.Release|Any CPU.Build.0 = Release|Any CPU
		{BFF498C3-3ACC-F16E-AD7C-D1DCF9C66A71}.Debug|Any CPU.ActiveCfg = Debug|Any CPU
		{BFF498C3-3ACC-F16E-AD7C-D1DCF9C66A71}.Debug|Any CPU.Build.0 = Debug|Any CPU
		{BFF498C3-3ACC-F16E-AD7C-D1DCF9C66A71}.Release|Any CPU.ActiveCfg = Release|Any CPU
		{BFF498C3-3ACC-F16E-AD7C-D1DCF9C66A71}.Release|Any CPU.Build.0 = Release|Any CPU
		{42E8ED33-7F2F-B022-05A5-8BE84C15D17F}.Debug|Any CPU.ActiveCfg = Debug|Any CPU
		{42E8ED33-7F2F-B022-05A5-8BE84C15D17F}.Debug|Any CPU.Build.0 = Debug|Any CPU
		{42E8ED33-7F2F-B022-05A5-8BE84C15D17F}.Release|Any CPU.ActiveCfg = Release|Any CPU
		{42E8ED33-7F2F-B022-05A5-8BE84C15D17F}.Release|Any CPU.Build.0 = Release|Any CPU
		{DBAFB1AF-DF51-EA94-7B55-C7E9EF4A0E99}.Debug|Any CPU.ActiveCfg = Debug|Any CPU
		{DBAFB1AF-DF51-EA94-7B55-C7E9EF4A0E99}.Debug|Any CPU.Build.0 = Debug|Any CPU
		{DBAFB1AF-DF51-EA94-7B55-C7E9EF4A0E99}.Release|Any CPU.ActiveCfg = Release|Any CPU
		{DBAFB1AF-DF51-EA94-7B55-C7E9EF4A0E99}.Release|Any CPU.Build.0 = Release|Any CPU
		{042D378A-89C0-5505-54A8-C72C4C538EEF}.Debug|Any CPU.ActiveCfg = Debug|Any CPU
		{042D378A-89C0-5505-54A8-C72C4C538EEF}.Debug|Any CPU.Build.0 = Debug|Any CPU
		{042D378A-89C0-5505-54A8-C72C4C538EEF}.Release|Any CPU.ActiveCfg = Release|Any CPU
		{042D378A-89C0-5505-54A8-C72C4C538EEF}.Release|Any CPU.Build.0 = Release|Any CPU
		{0DAFEDE3-84BF-6D35-E840-7367B1ADE21F}.Debug|Any CPU.ActiveCfg = Debug|Any CPU
		{0DAFEDE3-84BF-6D35-E840-7367B1ADE21F}.Debug|Any CPU.Build.0 = Debug|Any CPU
		{0DAFEDE3-84BF-6D35-E840-7367B1ADE21F}.Release|Any CPU.ActiveCfg = Release|Any CPU
		{0DAFEDE3-84BF-6D35-E840-7367B1ADE21F}.Release|Any CPU.Build.0 = Release|Any CPU
		{9AC9EB95-7023-9192-69F5-5D0C491B1167}.Debug|Any CPU.ActiveCfg = Debug|Any CPU
		{9AC9EB95-7023-9192-69F5-5D0C491B1167}.Debug|Any CPU.Build.0 = Debug|Any CPU
		{9AC9EB95-7023-9192-69F5-5D0C491B1167}.Release|Any CPU.ActiveCfg = Release|Any CPU
		{9AC9EB95-7023-9192-69F5-5D0C491B1167}.Release|Any CPU.Build.0 = Release|Any CPU
		{3EB34855-2074-E5AF-577A-3B71EC6BE0E9}.Debug|Any CPU.ActiveCfg = Debug|Any CPU
		{3EB34855-2074-E5AF-577A-3B71EC6BE0E9}.Debug|Any CPU.Build.0 = Debug|Any CPU
		{3EB34855-2074-E5AF-577A-3B71EC6BE0E9}.Release|Any CPU.ActiveCfg = Release|Any CPU
		{3EB34855-2074-E5AF-577A-3B71EC6BE0E9}.Release|Any CPU.Build.0 = Release|Any CPU
		{53CB8465-62AE-5F91-B83E-4E66F729FF9D}.Debug|Any CPU.ActiveCfg = Debug|Any CPU
		{53CB8465-62AE-5F91-B83E-4E66F729FF9D}.Debug|Any CPU.Build.0 = Debug|Any CPU
		{53CB8465-62AE-5F91-B83E-4E66F729FF9D}.Release|Any CPU.ActiveCfg = Release|Any CPU
		{53CB8465-62AE-5F91-B83E-4E66F729FF9D}.Release|Any CPU.Build.0 = Release|Any CPU
		{FD15C353-1F57-8ECA-7D66-E24D8E068416}.Debug|Any CPU.ActiveCfg = Debug|Any CPU
		{FD15C353-1F57-8ECA-7D66-E24D8E068416}.Debug|Any CPU.Build.0 = Debug|Any CPU
		{FD15C353-1F57-8ECA-7D66-E24D8E068416}.Release|Any CPU.ActiveCfg = Release|Any CPU
		{FD15C353-1F57-8ECA-7D66-E24D8E068416}.Release|Any CPU.Build.0 = Release|Any CPU
		{4FA78F65-DA83-0589-7340-B48821033677}.Debug|Any CPU.ActiveCfg = Debug|Any CPU
		{4FA78F65-DA83-0589-7340-B48821033677}.Debug|Any CPU.Build.0 = Debug|Any CPU
		{4FA78F65-DA83-0589-7340-B48821033677}.Release|Any CPU.ActiveCfg = Release|Any CPU
		{4FA78F65-DA83-0589-7340-B48821033677}.Release|Any CPU.Build.0 = Release|Any CPU
		{BD8841DB-F9DA-9558-C011-6CBBCD7053B7}.Debug|Any CPU.ActiveCfg = Debug|Any CPU
		{BD8841DB-F9DA-9558-C011-6CBBCD7053B7}.Debug|Any CPU.Build.0 = Debug|Any CPU
		{BD8841DB-F9DA-9558-C011-6CBBCD7053B7}.Release|Any CPU.ActiveCfg = Release|Any CPU
		{BD8841DB-F9DA-9558-C011-6CBBCD7053B7}.Release|Any CPU.Build.0 = Release|Any CPU
		{4910AE08-DC8D-730E-BCA3-B2A0D9B12AF6}.Debug|Any CPU.ActiveCfg = Debug|Any CPU
		{4910AE08-DC8D-730E-BCA3-B2A0D9B12AF6}.Debug|Any CPU.Build.0 = Debug|Any CPU
		{4910AE08-DC8D-730E-BCA3-B2A0D9B12AF6}.Release|Any CPU.ActiveCfg = Release|Any CPU
		{4910AE08-DC8D-730E-BCA3-B2A0D9B12AF6}.Release|Any CPU.Build.0 = Release|Any CPU
		{C2683905-897E-CB35-4B03-F5E09EBBDC6A}.Debug|Any CPU.ActiveCfg = Debug|Any CPU
		{C2683905-897E-CB35-4B03-F5E09EBBDC6A}.Debug|Any CPU.Build.0 = Debug|Any CPU
		{C2683905-897E-CB35-4B03-F5E09EBBDC6A}.Release|Any CPU.ActiveCfg = Release|Any CPU
		{C2683905-897E-CB35-4B03-F5E09EBBDC6A}.Release|Any CPU.Build.0 = Release|Any CPU
		{B4BD6934-21FF-4E61-3DFC-D88C21AF2B77}.Debug|Any CPU.ActiveCfg = Debug|Any CPU
		{B4BD6934-21FF-4E61-3DFC-D88C21AF2B77}.Debug|Any CPU.Build.0 = Debug|Any CPU
		{B4BD6934-21FF-4E61-3DFC-D88C21AF2B77}.Release|Any CPU.ActiveCfg = Release|Any CPU
		{B4BD6934-21FF-4E61-3DFC-D88C21AF2B77}.Release|Any CPU.Build.0 = Release|Any CPU
		{0A17CC73-C2C3-999B-F61E-40E536E728A2}.Debug|Any CPU.ActiveCfg = Debug|Any CPU
		{0A17CC73-C2C3-999B-F61E-40E536E728A2}.Debug|Any CPU.Build.0 = Debug|Any CPU
		{0A17CC73-C2C3-999B-F61E-40E536E728A2}.Release|Any CPU.ActiveCfg = Release|Any CPU
		{0A17CC73-C2C3-999B-F61E-40E536E728A2}.Release|Any CPU.Build.0 = Release|Any CPU
		{57044FCB-ED8D-967F-B156-3014890914DE}.Debug|Any CPU.ActiveCfg = Debug|Any CPU
		{57044FCB-ED8D-967F-B156-3014890914DE}.Debug|Any CPU.Build.0 = Debug|Any CPU
		{57044FCB-ED8D-967F-B156-3014890914DE}.Release|Any CPU.ActiveCfg = Release|Any CPU
		{57044FCB-ED8D-967F-B156-3014890914DE}.Release|Any CPU.Build.0 = Release|Any CPU
		{FF82E722-7687-7CC5-9A2C-7D721F4F3EB8}.Debug|Any CPU.ActiveCfg = Debug|Any CPU
		{FF82E722-7687-7CC5-9A2C-7D721F4F3EB8}.Debug|Any CPU.Build.0 = Debug|Any CPU
		{FF82E722-7687-7CC5-9A2C-7D721F4F3EB8}.Release|Any CPU.ActiveCfg = Release|Any CPU
		{FF82E722-7687-7CC5-9A2C-7D721F4F3EB8}.Release|Any CPU.Build.0 = Release|Any CPU
		{4248F389-6550-EC0A-F50D-A51ACE41AEF2}.Debug|Any CPU.ActiveCfg = Debug|Any CPU
		{4248F389-6550-EC0A-F50D-A51ACE41AEF2}.Debug|Any CPU.Build.0 = Debug|Any CPU
		{4248F389-6550-EC0A-F50D-A51ACE41AEF2}.Release|Any CPU.ActiveCfg = Release|Any CPU
		{4248F389-6550-EC0A-F50D-A51ACE41AEF2}.Release|Any CPU.Build.0 = Release|Any CPU
		{12B294C1-0423-68B3-7A71-B8DA8133A0FE}.Debug|Any CPU.ActiveCfg = Debug|Any CPU
		{12B294C1-0423-68B3-7A71-B8DA8133A0FE}.Debug|Any CPU.Build.0 = Debug|Any CPU
		{12B294C1-0423-68B3-7A71-B8DA8133A0FE}.Release|Any CPU.ActiveCfg = Release|Any CPU
		{12B294C1-0423-68B3-7A71-B8DA8133A0FE}.Release|Any CPU.Build.0 = Release|Any CPU
		{6727068B-AC43-43EA-63EF-20BEF50801D0}.Debug|Any CPU.ActiveCfg = Debug|Any CPU
		{6727068B-AC43-43EA-63EF-20BEF50801D0}.Debug|Any CPU.Build.0 = Debug|Any CPU
		{6727068B-AC43-43EA-63EF-20BEF50801D0}.Release|Any CPU.ActiveCfg = Release|Any CPU
		{6727068B-AC43-43EA-63EF-20BEF50801D0}.Release|Any CPU.Build.0 = Release|Any CPU
		{C05C4336-12EF-3220-31D8-62EC6F9901D5}.Debug|Any CPU.ActiveCfg = Debug|Any CPU
		{C05C4336-12EF-3220-31D8-62EC6F9901D5}.Debug|Any CPU.Build.0 = Debug|Any CPU
		{C05C4336-12EF-3220-31D8-62EC6F9901D5}.Release|Any CPU.ActiveCfg = Release|Any CPU
		{C05C4336-12EF-3220-31D8-62EC6F9901D5}.Release|Any CPU.Build.0 = Release|Any CPU
		{D80909D2-9DD3-1059-F894-96BC103A80F8}.Debug|Any CPU.ActiveCfg = Debug|Any CPU
		{D80909D2-9DD3-1059-F894-96BC103A80F8}.Debug|Any CPU.Build.0 = Debug|Any CPU
		{D80909D2-9DD3-1059-F894-96BC103A80F8}.Release|Any CPU.ActiveCfg = Release|Any CPU
		{D80909D2-9DD3-1059-F894-96BC103A80F8}.Release|Any CPU.Build.0 = Release|Any CPU
		{A09C83D2-F9CA-DBF4-D9D1-C5BE8CFCFA73}.Debug|Any CPU.ActiveCfg = Debug|Any CPU
		{A09C83D2-F9CA-DBF4-D9D1-C5BE8CFCFA73}.Debug|Any CPU.Build.0 = Debug|Any CPU
		{A09C83D2-F9CA-DBF4-D9D1-C5BE8CFCFA73}.Release|Any CPU.ActiveCfg = Release|Any CPU
		{A09C83D2-F9CA-DBF4-D9D1-C5BE8CFCFA73}.Release|Any CPU.Build.0 = Release|Any CPU
		{8835FF3B-3417-223C-A84F-43919A79B384}.Debug|Any CPU.ActiveCfg = Debug|Any CPU
		{8835FF3B-3417-223C-A84F-43919A79B384}.Debug|Any CPU.Build.0 = Debug|Any CPU
		{8835FF3B-3417-223C-A84F-43919A79B384}.Release|Any CPU.ActiveCfg = Release|Any CPU
		{8835FF3B-3417-223C-A84F-43919A79B384}.Release|Any CPU.Build.0 = Release|Any CPU
		{50DBF56A-F631-27F8-0925-C6BEC0B07D7D}.Debug|Any CPU.ActiveCfg = Debug|Any CPU
		{50DBF56A-F631-27F8-0925-C6BEC0B07D7D}.Debug|Any CPU.Build.0 = Debug|Any CPU
		{50DBF56A-F631-27F8-0925-C6BEC0B07D7D}.Release|Any CPU.ActiveCfg = Release|Any CPU
		{50DBF56A-F631-27F8-0925-C6BEC0B07D7D}.Release|Any CPU.Build.0 = Release|Any CPU
		{14DCA532-C00C-176B-3EA5-6688D0B555D1}.Debug|Any CPU.ActiveCfg = Debug|Any CPU
		{14DCA532-C00C-176B-3EA5-6688D0B555D1}.Debug|Any CPU.Build.0 = Debug|Any CPU
		{14DCA532-C00C-176B-3EA5-6688D0B555D1}.Release|Any CPU.ActiveCfg = Release|Any CPU
		{14DCA532-C00C-176B-3EA5-6688D0B555D1}.Release|Any CPU.Build.0 = Release|Any CPU
		{8B2FC9CB-2E5D-3B04-D5FB-1A051E91DE4D}.Debug|Any CPU.ActiveCfg = Debug|Any CPU
		{8B2FC9CB-2E5D-3B04-D5FB-1A051E91DE4D}.Debug|Any CPU.Build.0 = Debug|Any CPU
		{8B2FC9CB-2E5D-3B04-D5FB-1A051E91DE4D}.Release|Any CPU.ActiveCfg = Release|Any CPU
		{8B2FC9CB-2E5D-3B04-D5FB-1A051E91DE4D}.Release|Any CPU.Build.0 = Release|Any CPU
		{419FB47A-165E-A655-B1FA-05D79683D916}.Debug|Any CPU.ActiveCfg = Debug|Any CPU
		{419FB47A-165E-A655-B1FA-05D79683D916}.Debug|Any CPU.Build.0 = Debug|Any CPU
		{419FB47A-165E-A655-B1FA-05D79683D916}.Release|Any CPU.ActiveCfg = Release|Any CPU
		{419FB47A-165E-A655-B1FA-05D79683D916}.Release|Any CPU.Build.0 = Release|Any CPU
		{34BDCBE3-BB08-DACF-9880-E7CB3E054742}.Debug|Any CPU.ActiveCfg = Debug|Any CPU
		{34BDCBE3-BB08-DACF-9880-E7CB3E054742}.Debug|Any CPU.Build.0 = Debug|Any CPU
		{34BDCBE3-BB08-DACF-9880-E7CB3E054742}.Release|Any CPU.ActiveCfg = Release|Any CPU
		{34BDCBE3-BB08-DACF-9880-E7CB3E054742}.Release|Any CPU.Build.0 = Release|Any CPU
		{933E2B02-A089-C791-5459-DF3AEC4F9223}.Debug|Any CPU.ActiveCfg = Debug|Any CPU
		{933E2B02-A089-C791-5459-DF3AEC4F9223}.Debug|Any CPU.Build.0 = Debug|Any CPU
		{933E2B02-A089-C791-5459-DF3AEC4F9223}.Release|Any CPU.ActiveCfg = Release|Any CPU
		{933E2B02-A089-C791-5459-DF3AEC4F9223}.Release|Any CPU.Build.0 = Release|Any CPU
		{8B9CF8DE-5969-03B8-3C1D-D84EFAB04A68}.Debug|Any CPU.ActiveCfg = Debug|Any CPU
		{8B9CF8DE-5969-03B8-3C1D-D84EFAB04A68}.Debug|Any CPU.Build.0 = Debug|Any CPU
		{8B9CF8DE-5969-03B8-3C1D-D84EFAB04A68}.Release|Any CPU.ActiveCfg = Release|Any CPU
		{8B9CF8DE-5969-03B8-3C1D-D84EFAB04A68}.Release|Any CPU.Build.0 = Release|Any CPU
		{32A56E9F-CD08-531B-AE4F-5D1781E10827}.Debug|Any CPU.ActiveCfg = Debug|Any CPU
		{32A56E9F-CD08-531B-AE4F-5D1781E10827}.Debug|Any CPU.Build.0 = Debug|Any CPU
		{32A56E9F-CD08-531B-AE4F-5D1781E10827}.Release|Any CPU.ActiveCfg = Release|Any CPU
		{32A56E9F-CD08-531B-AE4F-5D1781E10827}.Release|Any CPU.Build.0 = Release|Any CPU
		{CCCF5A08-3987-C1EA-881D-36B9F1CA1CAB}.Debug|Any CPU.ActiveCfg = Debug|Any CPU
		{CCCF5A08-3987-C1EA-881D-36B9F1CA1CAB}.Debug|Any CPU.Build.0 = Debug|Any CPU
		{CCCF5A08-3987-C1EA-881D-36B9F1CA1CAB}.Release|Any CPU.ActiveCfg = Release|Any CPU
		{CCCF5A08-3987-C1EA-881D-36B9F1CA1CAB}.Release|Any CPU.Build.0 = Release|Any CPU
		{9752451C-D0F4-1EE9-AA24-2B3B6A26EEC9}.Debug|Any CPU.ActiveCfg = Debug|Any CPU
		{9752451C-D0F4-1EE9-AA24-2B3B6A26EEC9}.Debug|Any CPU.Build.0 = Debug|Any CPU
		{9752451C-D0F4-1EE9-AA24-2B3B6A26EEC9}.Release|Any CPU.ActiveCfg = Release|Any CPU
		{9752451C-D0F4-1EE9-AA24-2B3B6A26EEC9}.Release|Any CPU.Build.0 = Release|Any CPU
		{B01D0E5B-8970-4C31-0CE5-253B9479FBB7}.Debug|Any CPU.ActiveCfg = Debug|Any CPU
		{B01D0E5B-8970-4C31-0CE5-253B9479FBB7}.Debug|Any CPU.Build.0 = Debug|Any CPU
		{B01D0E5B-8970-4C31-0CE5-253B9479FBB7}.Release|Any CPU.ActiveCfg = Release|Any CPU
		{B01D0E5B-8970-4C31-0CE5-253B9479FBB7}.Release|Any CPU.Build.0 = Release|Any CPU
		{3A4C7D22-6124-0B97-5FB2-503BA92ABE86}.Debug|Any CPU.ActiveCfg = Debug|Any CPU
		{3A4C7D22-6124-0B97-5FB2-503BA92ABE86}.Debug|Any CPU.Build.0 = Debug|Any CPU
		{3A4C7D22-6124-0B97-5FB2-503BA92ABE86}.Release|Any CPU.ActiveCfg = Release|Any CPU
		{3A4C7D22-6124-0B97-5FB2-503BA92ABE86}.Release|Any CPU.Build.0 = Release|Any CPU
		{17A96207-D5CB-E2E9-2600-E8E319E8575C}.Debug|Any CPU.ActiveCfg = Debug|Any CPU
		{17A96207-D5CB-E2E9-2600-E8E319E8575C}.Debug|Any CPU.Build.0 = Debug|Any CPU
		{17A96207-D5CB-E2E9-2600-E8E319E8575C}.Release|Any CPU.ActiveCfg = Release|Any CPU
		{17A96207-D5CB-E2E9-2600-E8E319E8575C}.Release|Any CPU.Build.0 = Release|Any CPU
		{192E65B7-9DFC-9BC4-7B84-98D945CB51FF}.Debug|Any CPU.ActiveCfg = Debug|Any CPU
		{192E65B7-9DFC-9BC4-7B84-98D945CB51FF}.Debug|Any CPU.Build.0 = Debug|Any CPU
		{192E65B7-9DFC-9BC4-7B84-98D945CB51FF}.Release|Any CPU.ActiveCfg = Release|Any CPU
		{192E65B7-9DFC-9BC4-7B84-98D945CB51FF}.Release|Any CPU.Build.0 = Release|Any CPU
		{7BBAC79E-2BFE-D50F-EF0D-F0E00AB3B135}.Debug|Any CPU.ActiveCfg = Debug|Any CPU
		{7BBAC79E-2BFE-D50F-EF0D-F0E00AB3B135}.Debug|Any CPU.Build.0 = Debug|Any CPU
		{7BBAC79E-2BFE-D50F-EF0D-F0E00AB3B135}.Release|Any CPU.ActiveCfg = Release|Any CPU
		{7BBAC79E-2BFE-D50F-EF0D-F0E00AB3B135}.Release|Any CPU.Build.0 = Release|Any CPU
		{50D2D9D8-38DB-8CF2-58F7-6DD80C941C44}.Debug|Any CPU.ActiveCfg = Debug|Any CPU
		{50D2D9D8-38DB-8CF2-58F7-6DD80C941C44}.Debug|Any CPU.Build.0 = Debug|Any CPU
		{50D2D9D8-38DB-8CF2-58F7-6DD80C941C44}.Release|Any CPU.ActiveCfg = Release|Any CPU
		{50D2D9D8-38DB-8CF2-58F7-6DD80C941C44}.Release|Any CPU.Build.0 = Release|Any CPU
		{1BEBB0A5-D0D9-85F5-B97C-1E76C11227FE}.Debug|Any CPU.ActiveCfg = Debug|Any CPU
		{1BEBB0A5-D0D9-85F5-B97C-1E76C11227FE}.Debug|Any CPU.Build.0 = Debug|Any CPU
		{1BEBB0A5-D0D9-85F5-B97C-1E76C11227FE}.Release|Any CPU.ActiveCfg = Release|Any CPU
		{1BEBB0A5-D0D9-85F5-B97C-1E76C11227FE}.Release|Any CPU.Build.0 = Release|Any CPU
		{09E07D32-060B-6C94-9026-9E5C18368A66}.Debug|Any CPU.ActiveCfg = Debug|Any CPU
		{09E07D32-060B-6C94-9026-9E5C18368A66}.Debug|Any CPU.Build.0 = Debug|Any CPU
		{09E07D32-060B-6C94-9026-9E5C18368A66}.Release|Any CPU.ActiveCfg = Release|Any CPU
		{09E07D32-060B-6C94-9026-9E5C18368A66}.Release|Any CPU.Build.0 = Release|Any CPU
		{1B91829F-55FC-C0E9-5514-D57CDCFEF8B6}.Debug|Any CPU.ActiveCfg = Debug|Any CPU
		{1B91829F-55FC-C0E9-5514-D57CDCFEF8B6}.Debug|Any CPU.Build.0 = Debug|Any CPU
		{1B91829F-55FC-C0E9-5514-D57CDCFEF8B6}.Release|Any CPU.ActiveCfg = Release|Any CPU
		{1B91829F-55FC-C0E9-5514-D57CDCFEF8B6}.Release|Any CPU.Build.0 = Release|Any CPU
		{64A609AE-2EE1-6C30-E3D0-8DE983DF443C}.Debug|Any CPU.ActiveCfg = Debug|Any CPU
		{64A609AE-2EE1-6C30-E3D0-8DE983DF443C}.Debug|Any CPU.Build.0 = Debug|Any CPU
		{64A609AE-2EE1-6C30-E3D0-8DE983DF443C}.Release|Any CPU.ActiveCfg = Release|Any CPU
		{64A609AE-2EE1-6C30-E3D0-8DE983DF443C}.Release|Any CPU.Build.0 = Release|Any CPU
		{B5EB85B9-C051-4CE1-621C-523EA8BE54D8}.Debug|Any CPU.ActiveCfg = Debug|Any CPU
		{B5EB85B9-C051-4CE1-621C-523EA8BE54D8}.Debug|Any CPU.Build.0 = Debug|Any CPU
		{B5EB85B9-C051-4CE1-621C-523EA8BE54D8}.Release|Any CPU.ActiveCfg = Release|Any CPU
		{B5EB85B9-C051-4CE1-621C-523EA8BE54D8}.Release|Any CPU.Build.0 = Release|Any CPU
		{8490831F-F9D4-BAAB-80DA-47C7880E8887}.Debug|Any CPU.ActiveCfg = Debug|Any CPU
		{8490831F-F9D4-BAAB-80DA-47C7880E8887}.Debug|Any CPU.Build.0 = Debug|Any CPU
		{8490831F-F9D4-BAAB-80DA-47C7880E8887}.Release|Any CPU.ActiveCfg = Release|Any CPU
		{8490831F-F9D4-BAAB-80DA-47C7880E8887}.Release|Any CPU.Build.0 = Release|Any CPU
		{8DAAC544-84A3-8351-5528-F565A49AB498}.Debug|Any CPU.ActiveCfg = Debug|Any CPU
		{8DAAC544-84A3-8351-5528-F565A49AB498}.Debug|Any CPU.Build.0 = Debug|Any CPU
		{8DAAC544-84A3-8351-5528-F565A49AB498}.Release|Any CPU.ActiveCfg = Release|Any CPU
		{8DAAC544-84A3-8351-5528-F565A49AB498}.Release|Any CPU.Build.0 = Release|Any CPU
		{C7FAAD1E-3B42-6AC8-51F6-009DC98BCB08}.Debug|Any CPU.ActiveCfg = Debug|Any CPU
		{C7FAAD1E-3B42-6AC8-51F6-009DC98BCB08}.Debug|Any CPU.Build.0 = Debug|Any CPU
		{C7FAAD1E-3B42-6AC8-51F6-009DC98BCB08}.Release|Any CPU.ActiveCfg = Release|Any CPU
		{C7FAAD1E-3B42-6AC8-51F6-009DC98BCB08}.Release|Any CPU.Build.0 = Release|Any CPU
		{63E46C8D-9310-75AB-882F-4F2BB7364CB4}.Debug|Any CPU.ActiveCfg = Debug|Any CPU
		{63E46C8D-9310-75AB-882F-4F2BB7364CB4}.Debug|Any CPU.Build.0 = Debug|Any CPU
		{63E46C8D-9310-75AB-882F-4F2BB7364CB4}.Release|Any CPU.ActiveCfg = Release|Any CPU
		{63E46C8D-9310-75AB-882F-4F2BB7364CB4}.Release|Any CPU.Build.0 = Release|Any CPU
		{65F23D74-C6B6-A679-A0B5-89EE8270A073}.Debug|Any CPU.ActiveCfg = Debug|Any CPU
		{65F23D74-C6B6-A679-A0B5-89EE8270A073}.Debug|Any CPU.Build.0 = Debug|Any CPU
		{65F23D74-C6B6-A679-A0B5-89EE8270A073}.Release|Any CPU.ActiveCfg = Release|Any CPU
		{65F23D74-C6B6-A679-A0B5-89EE8270A073}.Release|Any CPU.Build.0 = Release|Any CPU
		{F570EEF5-9CA5-BFE6-C610-DB3DF03C7D12}.Debug|Any CPU.ActiveCfg = Debug|Any CPU
		{F570EEF5-9CA5-BFE6-C610-DB3DF03C7D12}.Debug|Any CPU.Build.0 = Debug|Any CPU
		{F570EEF5-9CA5-BFE6-C610-DB3DF03C7D12}.Release|Any CPU.ActiveCfg = Release|Any CPU
		{F570EEF5-9CA5-BFE6-C610-DB3DF03C7D12}.Release|Any CPU.Build.0 = Release|Any CPU
		{8529BA6F-4A98-B0FE-9846-DCE924B87E07}.Debug|Any CPU.ActiveCfg = Debug|Any CPU
		{8529BA6F-4A98-B0FE-9846-DCE924B87E07}.Debug|Any CPU.Build.0 = Debug|Any CPU
		{8529BA6F-4A98-B0FE-9846-DCE924B87E07}.Release|Any CPU.ActiveCfg = Release|Any CPU
		{8529BA6F-4A98-B0FE-9846-DCE924B87E07}.Release|Any CPU.Build.0 = Release|Any CPU
		{36FA6466-A8EB-AA3A-AA2C-8EDD2DF248BD}.Debug|Any CPU.ActiveCfg = Debug|Any CPU
		{36FA6466-A8EB-AA3A-AA2C-8EDD2DF248BD}.Debug|Any CPU.Build.0 = Debug|Any CPU
		{36FA6466-A8EB-AA3A-AA2C-8EDD2DF248BD}.Release|Any CPU.ActiveCfg = Release|Any CPU
		{36FA6466-A8EB-AA3A-AA2C-8EDD2DF248BD}.Release|Any CPU.Build.0 = Release|Any CPU
		{9452EE04-1A2B-A04F-D3A8-695E4F50633E}.Debug|Any CPU.ActiveCfg = Debug|Any CPU
		{9452EE04-1A2B-A04F-D3A8-695E4F50633E}.Debug|Any CPU.Build.0 = Debug|Any CPU
		{9452EE04-1A2B-A04F-D3A8-695E4F50633E}.Release|Any CPU.ActiveCfg = Release|Any CPU
		{9452EE04-1A2B-A04F-D3A8-695E4F50633E}.Release|Any CPU.Build.0 = Release|Any CPU
		{F546E4D1-6399-1110-22CA-52FFB53C0343}.Debug|Any CPU.ActiveCfg = Debug|Any CPU
		{F546E4D1-6399-1110-22CA-52FFB53C0343}.Debug|Any CPU.Build.0 = Debug|Any CPU
		{F546E4D1-6399-1110-22CA-52FFB53C0343}.Release|Any CPU.ActiveCfg = Release|Any CPU
		{F546E4D1-6399-1110-22CA-52FFB53C0343}.Release|Any CPU.Build.0 = Release|Any CPU
		{8D1C8766-6BBB-8D97-B016-A806986DB4F5}.Debug|Any CPU.ActiveCfg = Debug|Any CPU
		{8D1C8766-6BBB-8D97-B016-A806986DB4F5}.Debug|Any CPU.Build.0 = Debug|Any CPU
		{8D1C8766-6BBB-8D97-B016-A806986DB4F5}.Release|Any CPU.ActiveCfg = Release|Any CPU
		{8D1C8766-6BBB-8D97-B016-A806986DB4F5}.Release|Any CPU.Build.0 = Release|Any CPU
		{F2ABAAA9-7861-9436-7AD6-76581BB42B99}.Debug|Any CPU.ActiveCfg = Debug|Any CPU
		{F2ABAAA9-7861-9436-7AD6-76581BB42B99}.Debug|Any CPU.Build.0 = Debug|Any CPU
		{F2ABAAA9-7861-9436-7AD6-76581BB42B99}.Release|Any CPU.ActiveCfg = Release|Any CPU
		{F2ABAAA9-7861-9436-7AD6-76581BB42B99}.Release|Any CPU.Build.0 = Release|Any CPU
		{8C56D175-7763-CB32-8CB8-22E410843412}.Debug|Any CPU.ActiveCfg = Debug|Any CPU
		{8C56D175-7763-CB32-8CB8-22E410843412}.Debug|Any CPU.Build.0 = Debug|Any CPU
		{8C56D175-7763-CB32-8CB8-22E410843412}.Release|Any CPU.ActiveCfg = Release|Any CPU
		{8C56D175-7763-CB32-8CB8-22E410843412}.Release|Any CPU.Build.0 = Release|Any CPU
		{4212972C-D498-2684-0D25-85F739FFF801}.Debug|Any CPU.ActiveCfg = Debug|Any CPU
		{4212972C-D498-2684-0D25-85F739FFF801}.Debug|Any CPU.Build.0 = Debug|Any CPU
		{4212972C-D498-2684-0D25-85F739FFF801}.Release|Any CPU.ActiveCfg = Release|Any CPU
		{4212972C-D498-2684-0D25-85F739FFF801}.Release|Any CPU.Build.0 = Release|Any CPU
		{7ECDB5F3-B4B8-B235-FE4E-31967BA35582}.Debug|Any CPU.ActiveCfg = Debug|Any CPU
		{7ECDB5F3-B4B8-B235-FE4E-31967BA35582}.Debug|Any CPU.Build.0 = Debug|Any CPU
		{7ECDB5F3-B4B8-B235-FE4E-31967BA35582}.Release|Any CPU.ActiveCfg = Release|Any CPU
		{7ECDB5F3-B4B8-B235-FE4E-31967BA35582}.Release|Any CPU.Build.0 = Release|Any CPU
		{801A348E-99AF-6426-741F-06A443493428}.Debug|Any CPU.ActiveCfg = Debug|Any CPU
		{801A348E-99AF-6426-741F-06A443493428}.Debug|Any CPU.Build.0 = Debug|Any CPU
		{801A348E-99AF-6426-741F-06A443493428}.Release|Any CPU.ActiveCfg = Release|Any CPU
		{801A348E-99AF-6426-741F-06A443493428}.Release|Any CPU.Build.0 = Release|Any CPU
		{7806FDB7-5145-032A-5056-F567BF2FFC9B}.Debug|Any CPU.ActiveCfg = Debug|Any CPU
		{7806FDB7-5145-032A-5056-F567BF2FFC9B}.Debug|Any CPU.Build.0 = Debug|Any CPU
		{7806FDB7-5145-032A-5056-F567BF2FFC9B}.Release|Any CPU.ActiveCfg = Release|Any CPU
		{7806FDB7-5145-032A-5056-F567BF2FFC9B}.Release|Any CPU.Build.0 = Release|Any CPU
		{384CA553-1D7A-1DDD-5337-AEB6645F6F20}.Debug|Any CPU.ActiveCfg = Debug|Any CPU
		{384CA553-1D7A-1DDD-5337-AEB6645F6F20}.Debug|Any CPU.Build.0 = Debug|Any CPU
		{384CA553-1D7A-1DDD-5337-AEB6645F6F20}.Release|Any CPU.ActiveCfg = Release|Any CPU
		{384CA553-1D7A-1DDD-5337-AEB6645F6F20}.Release|Any CPU.Build.0 = Release|Any CPU
		{E7B0FA97-1696-BA59-9B1D-0521E5BA546B}.Debug|Any CPU.ActiveCfg = Debug|Any CPU
		{E7B0FA97-1696-BA59-9B1D-0521E5BA546B}.Debug|Any CPU.Build.0 = Debug|Any CPU
		{E7B0FA97-1696-BA59-9B1D-0521E5BA546B}.Release|Any CPU.ActiveCfg = Release|Any CPU
		{E7B0FA97-1696-BA59-9B1D-0521E5BA546B}.Release|Any CPU.Build.0 = Release|Any CPU
		{1FA90387-C087-3A6E-6C53-0181AC86D4C1}.Debug|Any CPU.ActiveCfg = Debug|Any CPU
		{1FA90387-C087-3A6E-6C53-0181AC86D4C1}.Debug|Any CPU.Build.0 = Debug|Any CPU
		{1FA90387-C087-3A6E-6C53-0181AC86D4C1}.Release|Any CPU.ActiveCfg = Release|Any CPU
		{1FA90387-C087-3A6E-6C53-0181AC86D4C1}.Release|Any CPU.Build.0 = Release|Any CPU
		{2CB28A78-B59A-88C5-310D-65876E1C6674}.Debug|Any CPU.ActiveCfg = Debug|Any CPU
		{2CB28A78-B59A-88C5-310D-65876E1C6674}.Debug|Any CPU.Build.0 = Debug|Any CPU
		{2CB28A78-B59A-88C5-310D-65876E1C6674}.Release|Any CPU.ActiveCfg = Release|Any CPU
		{2CB28A78-B59A-88C5-310D-65876E1C6674}.Release|Any CPU.Build.0 = Release|Any CPU
		{76B3A1AC-E3D9-603C-BBD3-9627E720D2E3}.Debug|Any CPU.ActiveCfg = Debug|Any CPU
		{76B3A1AC-E3D9-603C-BBD3-9627E720D2E3}.Debug|Any CPU.Build.0 = Debug|Any CPU
		{76B3A1AC-E3D9-603C-BBD3-9627E720D2E3}.Release|Any CPU.ActiveCfg = Release|Any CPU
		{76B3A1AC-E3D9-603C-BBD3-9627E720D2E3}.Release|Any CPU.Build.0 = Release|Any CPU
		{BC44B9D0-05AE-42E9-CC45-BFFDEC4470AB}.Debug|Any CPU.ActiveCfg = Debug|Any CPU
		{BC44B9D0-05AE-42E9-CC45-BFFDEC4470AB}.Debug|Any CPU.Build.0 = Debug|Any CPU
		{BC44B9D0-05AE-42E9-CC45-BFFDEC4470AB}.Release|Any CPU.ActiveCfg = Release|Any CPU
		{BC44B9D0-05AE-42E9-CC45-BFFDEC4470AB}.Release|Any CPU.Build.0 = Release|Any CPU
		{188AC77D-B4FE-1B69-AAE9-C6B916C677E9}.Debug|Any CPU.ActiveCfg = Debug|Any CPU
		{188AC77D-B4FE-1B69-AAE9-C6B916C677E9}.Debug|Any CPU.Build.0 = Debug|Any CPU
		{188AC77D-B4FE-1B69-AAE9-C6B916C677E9}.Release|Any CPU.ActiveCfg = Release|Any CPU
		{188AC77D-B4FE-1B69-AAE9-C6B916C677E9}.Release|Any CPU.Build.0 = Release|Any CPU
		{1D815155-DD2E-6883-54FF-C48049B1A80D}.Debug|Any CPU.ActiveCfg = Debug|Any CPU
		{1D815155-DD2E-6883-54FF-C48049B1A80D}.Debug|Any CPU.Build.0 = Debug|Any CPU
		{1D815155-DD2E-6883-54FF-C48049B1A80D}.Release|Any CPU.ActiveCfg = Release|Any CPU
		{1D815155-DD2E-6883-54FF-C48049B1A80D}.Release|Any CPU.Build.0 = Release|Any CPU
		{0B82A048-182D-D7CA-2171-B088A05A0DB6}.Debug|Any CPU.ActiveCfg = Debug|Any CPU
		{0B82A048-182D-D7CA-2171-B088A05A0DB6}.Debug|Any CPU.Build.0 = Debug|Any CPU
		{0B82A048-182D-D7CA-2171-B088A05A0DB6}.Release|Any CPU.ActiveCfg = Release|Any CPU
		{0B82A048-182D-D7CA-2171-B088A05A0DB6}.Release|Any CPU.Build.0 = Release|Any CPU
		{FB329F64-25A1-E044-8E31-A47425D2A0C1}.Debug|Any CPU.ActiveCfg = Debug|Any CPU
		{FB329F64-25A1-E044-8E31-A47425D2A0C1}.Debug|Any CPU.Build.0 = Debug|Any CPU
		{FB329F64-25A1-E044-8E31-A47425D2A0C1}.Release|Any CPU.ActiveCfg = Release|Any CPU
		{FB329F64-25A1-E044-8E31-A47425D2A0C1}.Release|Any CPU.Build.0 = Release|Any CPU
		{4DBA9306-D81B-8802-CB36-9577775CC15F}.Debug|Any CPU.ActiveCfg = Debug|Any CPU
		{4DBA9306-D81B-8802-CB36-9577775CC15F}.Debug|Any CPU.Build.0 = Debug|Any CPU
		{4DBA9306-D81B-8802-CB36-9577775CC15F}.Release|Any CPU.ActiveCfg = Release|Any CPU
		{4DBA9306-D81B-8802-CB36-9577775CC15F}.Release|Any CPU.Build.0 = Release|Any CPU
		{1908B99E-40F3-CC4C-31FD-96469D0C7D1F}.Debug|Any CPU.ActiveCfg = Debug|Any CPU
		{1908B99E-40F3-CC4C-31FD-96469D0C7D1F}.Debug|Any CPU.Build.0 = Debug|Any CPU
		{1908B99E-40F3-CC4C-31FD-96469D0C7D1F}.Release|Any CPU.ActiveCfg = Release|Any CPU
		{1908B99E-40F3-CC4C-31FD-96469D0C7D1F}.Release|Any CPU.Build.0 = Release|Any CPU
		{138CB268-1E50-CFC0-7154-A578C017FFC9}.Debug|Any CPU.ActiveCfg = Debug|Any CPU
		{138CB268-1E50-CFC0-7154-A578C017FFC9}.Debug|Any CPU.Build.0 = Debug|Any CPU
		{138CB268-1E50-CFC0-7154-A578C017FFC9}.Release|Any CPU.ActiveCfg = Release|Any CPU
		{138CB268-1E50-CFC0-7154-A578C017FFC9}.Release|Any CPU.Build.0 = Release|Any CPU
		{58B007B4-D1EB-66BD-15E3-7E673FBE5F02}.Debug|Any CPU.ActiveCfg = Debug|Any CPU
		{58B007B4-D1EB-66BD-15E3-7E673FBE5F02}.Debug|Any CPU.Build.0 = Debug|Any CPU
		{58B007B4-D1EB-66BD-15E3-7E673FBE5F02}.Release|Any CPU.ActiveCfg = Release|Any CPU
		{58B007B4-D1EB-66BD-15E3-7E673FBE5F02}.Release|Any CPU.Build.0 = Release|Any CPU
		{E11CB751-1546-D4AB-8095-5C9C7C347A73}.Debug|Any CPU.ActiveCfg = Debug|Any CPU
		{E11CB751-1546-D4AB-8095-5C9C7C347A73}.Debug|Any CPU.Build.0 = Debug|Any CPU
		{E11CB751-1546-D4AB-8095-5C9C7C347A73}.Release|Any CPU.ActiveCfg = Release|Any CPU
		{E11CB751-1546-D4AB-8095-5C9C7C347A73}.Release|Any CPU.Build.0 = Release|Any CPU
		{6ED7305E-76B8-577F-163E-3099092B4E8E}.Debug|Any CPU.ActiveCfg = Debug|Any CPU
		{6ED7305E-76B8-577F-163E-3099092B4E8E}.Debug|Any CPU.Build.0 = Debug|Any CPU
		{6ED7305E-76B8-577F-163E-3099092B4E8E}.Release|Any CPU.ActiveCfg = Release|Any CPU
		{6ED7305E-76B8-577F-163E-3099092B4E8E}.Release|Any CPU.Build.0 = Release|Any CPU
		{60048B37-C922-30AC-C131-1742E7DFA0BB}.Debug|Any CPU.ActiveCfg = Debug|Any CPU
		{60048B37-C922-30AC-C131-1742E7DFA0BB}.Debug|Any CPU.Build.0 = Debug|Any CPU
		{60048B37-C922-30AC-C131-1742E7DFA0BB}.Release|Any CPU.ActiveCfg = Release|Any CPU
		{60048B37-C922-30AC-C131-1742E7DFA0BB}.Release|Any CPU.Build.0 = Release|Any CPU
		{EA539520-19A0-1163-B8A1-CDAD67C537CB}.Debug|Any CPU.ActiveCfg = Debug|Any CPU
		{EA539520-19A0-1163-B8A1-CDAD67C537CB}.Debug|Any CPU.Build.0 = Debug|Any CPU
		{EA539520-19A0-1163-B8A1-CDAD67C537CB}.Release|Any CPU.ActiveCfg = Release|Any CPU
		{EA539520-19A0-1163-B8A1-CDAD67C537CB}.Release|Any CPU.Build.0 = Release|Any CPU
		{5B302A6D-1C35-DFF1-FCAB-BFB4131FEBC0}.Debug|Any CPU.ActiveCfg = Debug|Any CPU
		{5B302A6D-1C35-DFF1-FCAB-BFB4131FEBC0}.Debug|Any CPU.Build.0 = Debug|Any CPU
		{5B302A6D-1C35-DFF1-FCAB-BFB4131FEBC0}.Release|Any CPU.ActiveCfg = Release|Any CPU
		{5B302A6D-1C35-DFF1-FCAB-BFB4131FEBC0}.Release|Any CPU.Build.0 = Release|Any CPU
		{068B4182-C3F7-03B5-F341-5D0810D1C6D4}.Debug|Any CPU.ActiveCfg = Debug|Any CPU
		{068B4182-C3F7-03B5-F341-5D0810D1C6D4}.Debug|Any CPU.Build.0 = Debug|Any CPU
		{068B4182-C3F7-03B5-F341-5D0810D1C6D4}.Release|Any CPU.ActiveCfg = Release|Any CPU
		{068B4182-C3F7-03B5-F341-5D0810D1C6D4}.Release|Any CPU.Build.0 = Release|Any CPU
		{310F4FDC-273B-B33A-1EA3-A8369CA67C6C}.Debug|Any CPU.ActiveCfg = Debug|Any CPU
		{310F4FDC-273B-B33A-1EA3-A8369CA67C6C}.Debug|Any CPU.Build.0 = Debug|Any CPU
		{310F4FDC-273B-B33A-1EA3-A8369CA67C6C}.Release|Any CPU.ActiveCfg = Release|Any CPU
		{310F4FDC-273B-B33A-1EA3-A8369CA67C6C}.Release|Any CPU.Build.0 = Release|Any CPU
		{5A172B96-28FD-470F-0849-000009F2093D}.Debug|Any CPU.ActiveCfg = Debug|Any CPU
		{5A172B96-28FD-470F-0849-000009F2093D}.Debug|Any CPU.Build.0 = Debug|Any CPU
		{5A172B96-28FD-470F-0849-000009F2093D}.Release|Any CPU.ActiveCfg = Release|Any CPU
		{5A172B96-28FD-470F-0849-000009F2093D}.Release|Any CPU.Build.0 = Release|Any CPU
		{DE7173E7-30DA-C3C0-B2A8-CDE2DF5339C8}.Debug|Any CPU.ActiveCfg = Debug|Any CPU
		{DE7173E7-30DA-C3C0-B2A8-CDE2DF5339C8}.Debug|Any CPU.Build.0 = Debug|Any CPU
		{DE7173E7-30DA-C3C0-B2A8-CDE2DF5339C8}.Release|Any CPU.ActiveCfg = Release|Any CPU
		{DE7173E7-30DA-C3C0-B2A8-CDE2DF5339C8}.Release|Any CPU.Build.0 = Release|Any CPU
		{5DA64E18-3DA0-256A-0E00-759B6E1F40D5}.Debug|Any CPU.ActiveCfg = Debug|Any CPU
		{5DA64E18-3DA0-256A-0E00-759B6E1F40D5}.Debug|Any CPU.Build.0 = Debug|Any CPU
		{5DA64E18-3DA0-256A-0E00-759B6E1F40D5}.Release|Any CPU.ActiveCfg = Release|Any CPU
		{5DA64E18-3DA0-256A-0E00-759B6E1F40D5}.Release|Any CPU.Build.0 = Release|Any CPU
	EndGlobalSection
	GlobalSection(SolutionProperties) = preSolution
		HideSolutionNode = FALSE
	EndGlobalSection
EndGlobal
